github.com/brianvoe/gofakeit/v6 v6.3.0 h1:h1M5XPubl81K+41Ry0g5P4Q9a7OCM8FgFf2Heey5j24=
github.com/brianvoe/gofakeit/v6 v6.3.0/go.mod h1:palrJUk4Fyw38zIFB/uBZqsgzW5VsNllhHKKwAebzew=
github.com/gorilla/mux v1.8.0 h1:i40aqfkR1h2SlN9hojwV5ZA91wcXFOvkdNIeFDP5koI=
github.com/gorilla/mux v1.8.0/go.mod h1:DVbg23sWSpFRCP0SfiEN6jmj59UnW/n46BH5rLB71So=
